
Microsoft Visual Studio Solution File, Format Version 12.00
# Visual Studio Version 16
VisualStudioVersion = 16.0.31229.75
MinimumVisualStudioVersion = 10.0.40219.1
Project("{9A19103F-16F7-4668-BE54-9A1E7A4F7556}") = "AVBible", "AVBible.csproj", "{A91161CC-2449-43B6-8579-AD8D5F9B50B2}"
EndProject
Project("{9A19103F-16F7-4668-BE54-9A1E7A4F7556}") = "Blacklight.Controls.Wpf", "..\Blacklight.Controls.Wpf\Blacklight.Controls.Wpf.csproj", "{D9E56CD3-9A3B-49DA-8A53-86B42F331A1A}"
EndProject
Project("{9A19103F-16F7-4668-BE54-9A1E7A4F7556}") = "AVXText", "..\AVXText\AVXText.csproj", "{D415C03F-25F9-41D2-B11B-D91A804CC4EA}"
EndProject
Project("{9A19103F-16F7-4668-BE54-9A1E7A4F7556}") = "HMI", "..\HMI\HMI.csproj", "{61162F83-443E-4CFF-AE8D-86B337A31C36}"
EndProject
Global
	GlobalSection(SolutionConfigurationPlatforms) = preSolution
		Debug|Any CPU = Debug|Any CPU
		Debug|arm64 = Debug|arm64
		Debug|x64 = Debug|x64
		Debug|x86 = Debug|x86
		Release|Any CPU = Release|Any CPU
		Release|arm64 = Release|arm64
		Release|x64 = Release|x64
		Release|x86 = Release|x86
	EndGlobalSection
	GlobalSection(ProjectConfigurationPlatforms) = postSolution
		{A91161CC-2449-43B6-8579-AD8D5F9B50B2}.Debug|Any CPU.ActiveCfg = Debug|Any CPU
		{A91161CC-2449-43B6-8579-AD8D5F9B50B2}.Debug|Any CPU.Build.0 = Debug|Any CPU
		{A91161CC-2449-43B6-8579-AD8D5F9B50B2}.Debug|arm64.ActiveCfg = Debug|Any CPU
		{A91161CC-2449-43B6-8579-AD8D5F9B50B2}.Debug|arm64.Build.0 = Debug|Any CPU
		{A91161CC-2449-43B6-8579-AD8D5F9B50B2}.Debug|x64.ActiveCfg = Debug|Any CPU
		{A91161CC-2449-43B6-8579-AD8D5F9B50B2}.Debug|x64.Build.0 = Debug|Any CPU
		{A91161CC-2449-43B6-8579-AD8D5F9B50B2}.Debug|x86.ActiveCfg = Debug|Any CPU
		{A91161CC-2449-43B6-8579-AD8D5F9B50B2}.Debug|x86.Build.0 = Debug|Any CPU
		{A91161CC-2449-43B6-8579-AD8D5F9B50B2}.Release|Any CPU.ActiveCfg = Release|Any CPU
		{A91161CC-2449-43B6-8579-AD8D5F9B50B2}.Release|Any CPU.Build.0 = Release|Any CPU
		{A91161CC-2449-43B6-8579-AD8D5F9B50B2}.Release|arm64.ActiveCfg = Release|Any CPU
		{A91161CC-2449-43B6-8579-AD8D5F9B50B2}.Release|arm64.Build.0 = Release|Any CPU
		{A91161CC-2449-43B6-8579-AD8D5F9B50B2}.Release|x64.ActiveCfg = Release|Any CPU
		{A91161CC-2449-43B6-8579-AD8D5F9B50B2}.Release|x64.Build.0 = Release|Any CPU
		{A91161CC-2449-43B6-8579-AD8D5F9B50B2}.Release|x86.ActiveCfg = Release|Any CPU
		{A91161CC-2449-43B6-8579-AD8D5F9B50B2}.Release|x86.Build.0 = Release|Any CPU
		{D9E56CD3-9A3B-49DA-8A53-86B42F331A1A}.Debug|Any CPU.ActiveCfg = Debug|Any CPU
		{D9E56CD3-9A3B-49DA-8A53-86B42F331A1A}.Debug|Any CPU.Build.0 = Debug|Any CPU
		{D9E56CD3-9A3B-49DA-8A53-86B42F331A1A}.Debug|arm64.ActiveCfg = Debug|Any CPU
		{D9E56CD3-9A3B-49DA-8A53-86B42F331A1A}.Debug|arm64.Build.0 = Debug|Any CPU
		{D9E56CD3-9A3B-49DA-8A53-86B42F331A1A}.Debug|x64.ActiveCfg = Debug|Any CPU
		{D9E56CD3-9A3B-49DA-8A53-86B42F331A1A}.Debug|x64.Build.0 = Debug|Any CPU
		{D9E56CD3-9A3B-49DA-8A53-86B42F331A1A}.Debug|x86.ActiveCfg = Debug|Any CPU
		{D9E56CD3-9A3B-49DA-8A53-86B42F331A1A}.Debug|x86.Build.0 = Debug|Any CPU
		{D9E56CD3-9A3B-49DA-8A53-86B42F331A1A}.Release|Any CPU.ActiveCfg = Release|Any CPU
		{D9E56CD3-9A3B-49DA-8A53-86B42F331A1A}.Release|Any CPU.Build.0 = Release|Any CPU
		{D9E56CD3-9A3B-49DA-8A53-86B42F331A1A}.Release|arm64.ActiveCfg = Release|Any CPU
		{D9E56CD3-9A3B-49DA-8A53-86B42F331A1A}.Release|arm64.Build.0 = Release|Any CPU
		{D9E56CD3-9A3B-49DA-8A53-86B42F331A1A}.Release|x64.ActiveCfg = Release|Any CPU
		{D9E56CD3-9A3B-49DA-8A53-86B42F331A1A}.Release|x64.Build.0 = Release|Any CPU
		{D9E56CD3-9A3B-49DA-8A53-86B42F331A1A}.Release|x86.ActiveCfg = Release|Any CPU
		{D9E56CD3-9A3B-49DA-8A53-86B42F331A1A}.Release|x86.Build.0 = Release|Any CPU
		{D415C03F-25F9-41D2-B11B-D91A804CC4EA}.Debug|Any CPU.ActiveCfg = Debug|Any CPU
		{D415C03F-25F9-41D2-B11B-D91A804CC4EA}.Debug|Any CPU.Build.0 = Debug|Any CPU
		{D415C03F-25F9-41D2-B11B-D91A804CC4EA}.Debug|arm64.ActiveCfg = Debug|Any CPU
		{D415C03F-25F9-41D2-B11B-D91A804CC4EA}.Debug|arm64.Build.0 = Debug|Any CPU
		{D415C03F-25F9-41D2-B11B-D91A804CC4EA}.Debug|x64.ActiveCfg = Debug|Any CPU
		{D415C03F-25F9-41D2-B11B-D91A804CC4EA}.Debug|x64.Build.0 = Debug|Any CPU
		{D415C03F-25F9-41D2-B11B-D91A804CC4EA}.Debug|x86.ActiveCfg = Debug|Any CPU
		{D415C03F-25F9-41D2-B11B-D91A804CC4EA}.Debug|x86.Build.0 = Debug|Any CPU
		{D415C03F-25F9-41D2-B11B-D91A804CC4EA}.Release|Any CPU.ActiveCfg = Release|Any CPU
		{D415C03F-25F9-41D2-B11B-D91A804CC4EA}.Release|Any CPU.Build.0 = Release|Any CPU
		{D415C03F-25F9-41D2-B11B-D91A804CC4EA}.Release|arm64.ActiveCfg = Release|Any CPU
		{D415C03F-25F9-41D2-B11B-D91A804CC4EA}.Release|arm64.Build.0 = Release|Any CPU
		{D415C03F-25F9-41D2-B11B-D91A804CC4EA}.Release|x64.ActiveCfg = Release|Any CPU
		{D415C03F-25F9-41D2-B11B-D91A804CC4EA}.Release|x64.Build.0 = Release|Any CPU
		{D415C03F-25F9-41D2-B11B-D91A804CC4EA}.Release|x86.ActiveCfg = Release|Any CPU
		{D415C03F-25F9-41D2-B11B-D91A804CC4EA}.Release|x86.Build.0 = Release|Any CPU
		{61162F83-443E-4CFF-AE8D-86B337A31C36}.Debug|Any CPU.ActiveCfg = Debug|Any CPU
		{61162F83-443E-4CFF-AE8D-86B337A31C36}.Debug|Any CPU.Build.0 = Debug|Any CPU
		{61162F83-443E-4CFF-AE8D-86B337A31C36}.Debug|arm64.ActiveCfg = Debug|Any CPU
		{61162F83-443E-4CFF-AE8D-86B337A31C36}.Debug|arm64.Build.0 = Debug|Any CPU
		{61162F83-443E-4CFF-AE8D-86B337A31C36}.Debug|x64.ActiveCfg = Debug|Any CPU
		{61162F83-443E-4CFF-AE8D-86B337A31C36}.Debug|x64.Build.0 = Debug|Any CPU
		{61162F83-443E-4CFF-AE8D-86B337A31C36}.Debug|x86.ActiveCfg = Debug|Any CPU
		{61162F83-443E-4CFF-AE8D-86B337A31C36}.Debug|x86.Build.0 = Debug|Any CPU
		{61162F83-443E-4CFF-AE8D-86B337A31C36}.Release|Any CPU.ActiveCfg = Release|Any CPU
		{61162F83-443E-4CFF-AE8D-86B337A31C36}.Release|Any CPU.Build.0 = Release|Any CPU
		{61162F83-443E-4CFF-AE8D-86B337A31C36}.Release|arm64.ActiveCfg = Release|Any CPU
		{61162F83-443E-4CFF-AE8D-86B337A31C36}.Release|arm64.Build.0 = Release|Any CPU
		{61162F83-443E-4CFF-AE8D-86B337A31C36}.Release|x64.ActiveCfg = Release|Any CPU
		{61162F83-443E-4CFF-AE8D-86B337A31C36}.Release|x64.Build.0 = Release|Any CPU
		{61162F83-443E-4CFF-AE8D-86B337A31C36}.Release|x86.ActiveCfg = Release|Any CPU
		{61162F83-443E-4CFF-AE8D-86B337A31C36}.Release|x86.Build.0 = Release|Any CPU
	EndGlobalSection
	GlobalSection(SolutionProperties) = preSolution
		HideSolutionNode = FALSE
	EndGlobalSection
	GlobalSection(ExtensibilityGlobals) = postSolution
		SolutionGuid = {D42FC382-CA82-44D0-9968-D0302375E2E0}
	EndGlobalSection
EndGlobal
