
Microsoft Visual Studio Solution File, Format Version 12.00
# Visual Studio Version 16
VisualStudioVersion = 16.0.31229.75
MinimumVisualStudioVersion = 10.0.40219.1
Project("{9A19103F-16F7-4668-BE54-9A1E7A4F7556}") = "AVBible", "AVBible.csproj", "{A91161CC-2449-43B6-8579-AD8D5F9B50B2}"
EndProject
Project("{9A19103F-16F7-4668-BE54-9A1E7A4F7556}") = "Blacklight.Controls.Wpf", "..\Blacklight.Controls.Wpf\Blacklight.Controls.Wpf.csproj", "{D9E56CD3-9A3B-49DA-8A53-86B42F331A1A}"
EndProject
Project("{9A19103F-16F7-4668-BE54-9A1E7A4F7556}") = "AVXText", "..\AVXText\AVXText.csproj", "{D415C03F-25F9-41D2-B11B-D91A804CC4EA}"
EndProject
Project("{9A19103F-16F7-4668-BE54-9A1E7A4F7556}") = "HMI", "..\HMI\HMI.csproj", "{61162F83-443E-4CFF-AE8D-86B337A31C36}"
EndProject
Project("{C7167F0D-BC9F-4E6E-AFE1-012C56B48DB5}") = "AVBible-Packager", "..\AVBible-Packager\AVBible-Packager.wapproj", "{24B805A0-5DF1-4290-878B-7DACB52EB2DA}"
EndProject
Project("{C7167F0D-BC9F-4E6E-AFE1-012C56B48DB5}") = "WapProjTemplate1", "..\WapProjTemplate1\WapProjTemplate1.wapproj", "{0F93EC69-4050-4FF9-A30C-B1B7A882670D}"
EndProject
Global
	GlobalSection(SolutionConfigurationPlatforms) = preSolution
		Debug|Any CPU = Debug|Any CPU
		Debug|ARM = Debug|ARM
		Debug|arm64 = Debug|arm64
		Debug|x64 = Debug|x64
		Debug|x86 = Debug|x86
		Release|Any CPU = Release|Any CPU
		Release|ARM = Release|ARM
		Release|arm64 = Release|arm64
		Release|x64 = Release|x64
		Release|x86 = Release|x86
	EndGlobalSection
	GlobalSection(ProjectConfigurationPlatforms) = postSolution
		{A91161CC-2449-43B6-8579-AD8D5F9B50B2}.Debug|Any CPU.ActiveCfg = Debug|Any CPU
		{A91161CC-2449-43B6-8579-AD8D5F9B50B2}.Debug|Any CPU.Build.0 = Debug|Any CPU
		{A91161CC-2449-43B6-8579-AD8D5F9B50B2}.Debug|ARM.ActiveCfg = Debug|Any CPU
		{A91161CC-2449-43B6-8579-AD8D5F9B50B2}.Debug|ARM.Build.0 = Debug|Any CPU
		{A91161CC-2449-43B6-8579-AD8D5F9B50B2}.Debug|arm64.ActiveCfg = Debug|Any CPU
		{A91161CC-2449-43B6-8579-AD8D5F9B50B2}.Debug|arm64.Build.0 = Debug|Any CPU
		{A91161CC-2449-43B6-8579-AD8D5F9B50B2}.Debug|x64.ActiveCfg = Debug|Any CPU
		{A91161CC-2449-43B6-8579-AD8D5F9B50B2}.Debug|x64.Build.0 = Debug|Any CPU
		{A91161CC-2449-43B6-8579-AD8D5F9B50B2}.Debug|x86.ActiveCfg = Debug|Any CPU
		{A91161CC-2449-43B6-8579-AD8D5F9B50B2}.Debug|x86.Build.0 = Debug|Any CPU
		{A91161CC-2449-43B6-8579-AD8D5F9B50B2}.Release|Any CPU.ActiveCfg = Release|Any CPU
		{A91161CC-2449-43B6-8579-AD8D5F9B50B2}.Release|Any CPU.Build.0 = Release|Any CPU
		{A91161CC-2449-43B6-8579-AD8D5F9B50B2}.Release|ARM.ActiveCfg = Release|Any CPU
		{A91161CC-2449-43B6-8579-AD8D5F9B50B2}.Release|ARM.Build.0 = Release|Any CPU
		{A91161CC-2449-43B6-8579-AD8D5F9B50B2}.Release|arm64.ActiveCfg = Release|Any CPU
		{A91161CC-2449-43B6-8579-AD8D5F9B50B2}.Release|arm64.Build.0 = Release|Any CPU
		{A91161CC-2449-43B6-8579-AD8D5F9B50B2}.Release|x64.ActiveCfg = Release|Any CPU
		{A91161CC-2449-43B6-8579-AD8D5F9B50B2}.Release|x64.Build.0 = Release|Any CPU
		{A91161CC-2449-43B6-8579-AD8D5F9B50B2}.Release|x86.ActiveCfg = Release|Any CPU
		{A91161CC-2449-43B6-8579-AD8D5F9B50B2}.Release|x86.Build.0 = Release|Any CPU
		{D9E56CD3-9A3B-49DA-8A53-86B42F331A1A}.Debug|Any CPU.ActiveCfg = Debug|Any CPU
		{D9E56CD3-9A3B-49DA-8A53-86B42F331A1A}.Debug|Any CPU.Build.0 = Debug|Any CPU
		{D9E56CD3-9A3B-49DA-8A53-86B42F331A1A}.Debug|ARM.ActiveCfg = Debug|Any CPU
		{D9E56CD3-9A3B-49DA-8A53-86B42F331A1A}.Debug|ARM.Build.0 = Debug|Any CPU
		{D9E56CD3-9A3B-49DA-8A53-86B42F331A1A}.Debug|arm64.ActiveCfg = Debug|Any CPU
		{D9E56CD3-9A3B-49DA-8A53-86B42F331A1A}.Debug|arm64.Build.0 = Debug|Any CPU
		{D9E56CD3-9A3B-49DA-8A53-86B42F331A1A}.Debug|x64.ActiveCfg = Debug|Any CPU
		{D9E56CD3-9A3B-49DA-8A53-86B42F331A1A}.Debug|x64.Build.0 = Debug|Any CPU
		{D9E56CD3-9A3B-49DA-8A53-86B42F331A1A}.Debug|x86.ActiveCfg = Debug|Any CPU
		{D9E56CD3-9A3B-49DA-8A53-86B42F331A1A}.Debug|x86.Build.0 = Debug|Any CPU
		{D9E56CD3-9A3B-49DA-8A53-86B42F331A1A}.Release|Any CPU.ActiveCfg = Release|Any CPU
		{D9E56CD3-9A3B-49DA-8A53-86B42F331A1A}.Release|Any CPU.Build.0 = Release|Any CPU
		{D9E56CD3-9A3B-49DA-8A53-86B42F331A1A}.Release|ARM.ActiveCfg = Release|Any CPU
		{D9E56CD3-9A3B-49DA-8A53-86B42F331A1A}.Release|ARM.Build.0 = Release|Any CPU
		{D9E56CD3-9A3B-49DA-8A53-86B42F331A1A}.Release|arm64.ActiveCfg = Release|Any CPU
		{D9E56CD3-9A3B-49DA-8A53-86B42F331A1A}.Release|arm64.Build.0 = Release|Any CPU
		{D9E56CD3-9A3B-49DA-8A53-86B42F331A1A}.Release|x64.ActiveCfg = Release|Any CPU
		{D9E56CD3-9A3B-49DA-8A53-86B42F331A1A}.Release|x64.Build.0 = Release|Any CPU
		{D9E56CD3-9A3B-49DA-8A53-86B42F331A1A}.Release|x86.ActiveCfg = Release|Any CPU
		{D9E56CD3-9A3B-49DA-8A53-86B42F331A1A}.Release|x86.Build.0 = Release|Any CPU
		{D415C03F-25F9-41D2-B11B-D91A804CC4EA}.Debug|Any CPU.ActiveCfg = Debug|Any CPU
		{D415C03F-25F9-41D2-B11B-D91A804CC4EA}.Debug|Any CPU.Build.0 = Debug|Any CPU
		{D415C03F-25F9-41D2-B11B-D91A804CC4EA}.Debug|ARM.ActiveCfg = Debug|Any CPU
		{D415C03F-25F9-41D2-B11B-D91A804CC4EA}.Debug|ARM.Build.0 = Debug|Any CPU
		{D415C03F-25F9-41D2-B11B-D91A804CC4EA}.Debug|arm64.ActiveCfg = Debug|Any CPU
		{D415C03F-25F9-41D2-B11B-D91A804CC4EA}.Debug|arm64.Build.0 = Debug|Any CPU
		{D415C03F-25F9-41D2-B11B-D91A804CC4EA}.Debug|x64.ActiveCfg = Debug|Any CPU
		{D415C03F-25F9-41D2-B11B-D91A804CC4EA}.Debug|x64.Build.0 = Debug|Any CPU
		{D415C03F-25F9-41D2-B11B-D91A804CC4EA}.Debug|x86.ActiveCfg = Debug|Any CPU
		{D415C03F-25F9-41D2-B11B-D91A804CC4EA}.Debug|x86.Build.0 = Debug|Any CPU
		{D415C03F-25F9-41D2-B11B-D91A804CC4EA}.Release|Any CPU.ActiveCfg = Release|Any CPU
		{D415C03F-25F9-41D2-B11B-D91A804CC4EA}.Release|Any CPU.Build.0 = Release|Any CPU
		{D415C03F-25F9-41D2-B11B-D91A804CC4EA}.Release|ARM.ActiveCfg = Release|Any CPU
		{D415C03F-25F9-41D2-B11B-D91A804CC4EA}.Release|ARM.Build.0 = Release|Any CPU
		{D415C03F-25F9-41D2-B11B-D91A804CC4EA}.Release|arm64.ActiveCfg = Release|Any CPU
		{D415C03F-25F9-41D2-B11B-D91A804CC4EA}.Release|arm64.Build.0 = Release|Any CPU
		{D415C03F-25F9-41D2-B11B-D91A804CC4EA}.Release|x64.ActiveCfg = Release|Any CPU
		{D415C03F-25F9-41D2-B11B-D91A804CC4EA}.Release|x64.Build.0 = Release|Any CPU
		{D415C03F-25F9-41D2-B11B-D91A804CC4EA}.Release|x86.ActiveCfg = Release|Any CPU
		{D415C03F-25F9-41D2-B11B-D91A804CC4EA}.Release|x86.Build.0 = Release|Any CPU
		{61162F83-443E-4CFF-AE8D-86B337A31C36}.Debug|Any CPU.ActiveCfg = Debug|Any CPU
		{61162F83-443E-4CFF-AE8D-86B337A31C36}.Debug|Any CPU.Build.0 = Debug|Any CPU
		{61162F83-443E-4CFF-AE8D-86B337A31C36}.Debug|ARM.ActiveCfg = Debug|Any CPU
		{61162F83-443E-4CFF-AE8D-86B337A31C36}.Debug|ARM.Build.0 = Debug|Any CPU
		{61162F83-443E-4CFF-AE8D-86B337A31C36}.Debug|arm64.ActiveCfg = Debug|Any CPU
		{61162F83-443E-4CFF-AE8D-86B337A31C36}.Debug|arm64.Build.0 = Debug|Any CPU
		{61162F83-443E-4CFF-AE8D-86B337A31C36}.Debug|x64.ActiveCfg = Debug|Any CPU
		{61162F83-443E-4CFF-AE8D-86B337A31C36}.Debug|x64.Build.0 = Debug|Any CPU
		{61162F83-443E-4CFF-AE8D-86B337A31C36}.Debug|x86.ActiveCfg = Debug|Any CPU
		{61162F83-443E-4CFF-AE8D-86B337A31C36}.Debug|x86.Build.0 = Debug|Any CPU
		{61162F83-443E-4CFF-AE8D-86B337A31C36}.Release|Any CPU.ActiveCfg = Release|Any CPU
		{61162F83-443E-4CFF-AE8D-86B337A31C36}.Release|Any CPU.Build.0 = Release|Any CPU
		{61162F83-443E-4CFF-AE8D-86B337A31C36}.Release|ARM.ActiveCfg = Release|Any CPU
		{61162F83-443E-4CFF-AE8D-86B337A31C36}.Release|ARM.Build.0 = Release|Any CPU
		{61162F83-443E-4CFF-AE8D-86B337A31C36}.Release|arm64.ActiveCfg = Release|Any CPU
		{61162F83-443E-4CFF-AE8D-86B337A31C36}.Release|arm64.Build.0 = Release|Any CPU
		{61162F83-443E-4CFF-AE8D-86B337A31C36}.Release|x64.ActiveCfg = Release|Any CPU
		{61162F83-443E-4CFF-AE8D-86B337A31C36}.Release|x64.Build.0 = Release|Any CPU
		{61162F83-443E-4CFF-AE8D-86B337A31C36}.Release|x86.ActiveCfg = Release|Any CPU
		{61162F83-443E-4CFF-AE8D-86B337A31C36}.Release|x86.Build.0 = Release|Any CPU
		{24B805A0-5DF1-4290-878B-7DACB52EB2DA}.Debug|Any CPU.ActiveCfg = Debug|Any CPU
		{24B805A0-5DF1-4290-878B-7DACB52EB2DA}.Debug|Any CPU.Build.0 = Debug|Any CPU
		{24B805A0-5DF1-4290-878B-7DACB52EB2DA}.Debug|Any CPU.Deploy.0 = Debug|Any CPU
		{24B805A0-5DF1-4290-878B-7DACB52EB2DA}.Debug|ARM.ActiveCfg = Debug|ARM
		{24B805A0-5DF1-4290-878B-7DACB52EB2DA}.Debug|ARM.Build.0 = Debug|ARM
		{24B805A0-5DF1-4290-878B-7DACB52EB2DA}.Debug|ARM.Deploy.0 = Debug|ARM
		{24B805A0-5DF1-4290-878B-7DACB52EB2DA}.Debug|arm64.ActiveCfg = Debug|ARM64
		{24B805A0-5DF1-4290-878B-7DACB52EB2DA}.Debug|arm64.Build.0 = Debug|ARM64
		{24B805A0-5DF1-4290-878B-7DACB52EB2DA}.Debug|arm64.Deploy.0 = Debug|ARM64
		{24B805A0-5DF1-4290-878B-7DACB52EB2DA}.Debug|x64.ActiveCfg = Debug|x64
		{24B805A0-5DF1-4290-878B-7DACB52EB2DA}.Debug|x64.Build.0 = Debug|x64
		{24B805A0-5DF1-4290-878B-7DACB52EB2DA}.Debug|x64.Deploy.0 = Debug|x64
		{24B805A0-5DF1-4290-878B-7DACB52EB2DA}.Debug|x86.ActiveCfg = Debug|x86
		{24B805A0-5DF1-4290-878B-7DACB52EB2DA}.Debug|x86.Build.0 = Debug|x86
		{24B805A0-5DF1-4290-878B-7DACB52EB2DA}.Debug|x86.Deploy.0 = Debug|x86
		{24B805A0-5DF1-4290-878B-7DACB52EB2DA}.Release|Any CPU.ActiveCfg = Release|Any CPU
		{24B805A0-5DF1-4290-878B-7DACB52EB2DA}.Release|Any CPU.Build.0 = Release|Any CPU
		{24B805A0-5DF1-4290-878B-7DACB52EB2DA}.Release|Any CPU.Deploy.0 = Release|Any CPU
		{24B805A0-5DF1-4290-878B-7DACB52EB2DA}.Release|ARM.ActiveCfg = Release|ARM
		{24B805A0-5DF1-4290-878B-7DACB52EB2DA}.Release|ARM.Build.0 = Release|ARM
		{24B805A0-5DF1-4290-878B-7DACB52EB2DA}.Release|ARM.Deploy.0 = Release|ARM
		{24B805A0-5DF1-4290-878B-7DACB52EB2DA}.Release|arm64.ActiveCfg = Release|ARM64
		{24B805A0-5DF1-4290-878B-7DACB52EB2DA}.Release|arm64.Build.0 = Release|ARM64
		{24B805A0-5DF1-4290-878B-7DACB52EB2DA}.Release|arm64.Deploy.0 = Release|ARM64
		{24B805A0-5DF1-4290-878B-7DACB52EB2DA}.Release|x64.ActiveCfg = Release|x64
		{24B805A0-5DF1-4290-878B-7DACB52EB2DA}.Release|x64.Build.0 = Release|x64
		{24B805A0-5DF1-4290-878B-7DACB52EB2DA}.Release|x64.Deploy.0 = Release|x64
		{24B805A0-5DF1-4290-878B-7DACB52EB2DA}.Release|x86.ActiveCfg = Release|x86
		{24B805A0-5DF1-4290-878B-7DACB52EB2DA}.Release|x86.Build.0 = Release|x86
		{24B805A0-5DF1-4290-878B-7DACB52EB2DA}.Release|x86.Deploy.0 = Release|x86
		{0F93EC69-4050-4FF9-A30C-B1B7A882670D}.Debug|Any CPU.ActiveCfg = Debug|Any CPU
		{0F93EC69-4050-4FF9-A30C-B1B7A882670D}.Debug|Any CPU.Build.0 = Debug|Any CPU
		{0F93EC69-4050-4FF9-A30C-B1B7A882670D}.Debug|Any CPU.Deploy.0 = Debug|Any CPU
		{0F93EC69-4050-4FF9-A30C-B1B7A882670D}.Debug|ARM.ActiveCfg = Debug|ARM
		{0F93EC69-4050-4FF9-A30C-B1B7A882670D}.Debug|ARM.Build.0 = Debug|ARM
		{0F93EC69-4050-4FF9-A30C-B1B7A882670D}.Debug|ARM.Deploy.0 = Debug|ARM
		{0F93EC69-4050-4FF9-A30C-B1B7A882670D}.Debug|arm64.ActiveCfg = Debug|ARM64
		{0F93EC69-4050-4FF9-A30C-B1B7A882670D}.Debug|arm64.Build.0 = Debug|ARM64
		{0F93EC69-4050-4FF9-A30C-B1B7A882670D}.Debug|arm64.Deploy.0 = Debug|ARM64
		{0F93EC69-4050-4FF9-A30C-B1B7A882670D}.Debug|x64.ActiveCfg = Debug|x64
		{0F93EC69-4050-4FF9-A30C-B1B7A882670D}.Debug|x64.Build.0 = Debug|x64
		{0F93EC69-4050-4FF9-A30C-B1B7A882670D}.Debug|x64.Deploy.0 = Debug|x64
		{0F93EC69-4050-4FF9-A30C-B1B7A882670D}.Debug|x86.ActiveCfg = Debug|x86
		{0F93EC69-4050-4FF9-A30C-B1B7A882670D}.Debug|x86.Build.0 = Debug|x86
		{0F93EC69-4050-4FF9-A30C-B1B7A882670D}.Debug|x86.Deploy.0 = Debug|x86
		{0F93EC69-4050-4FF9-A30C-B1B7A882670D}.Release|Any CPU.ActiveCfg = Release|Any CPU
		{0F93EC69-4050-4FF9-A30C-B1B7A882670D}.Release|Any CPU.Build.0 = Release|Any CPU
		{0F93EC69-4050-4FF9-A30C-B1B7A882670D}.Release|Any CPU.Deploy.0 = Release|Any CPU
		{0F93EC69-4050-4FF9-A30C-B1B7A882670D}.Release|ARM.ActiveCfg = Release|ARM
		{0F93EC69-4050-4FF9-A30C-B1B7A882670D}.Release|ARM.Build.0 = Release|ARM
		{0F93EC69-4050-4FF9-A30C-B1B7A882670D}.Release|ARM.Deploy.0 = Release|ARM
		{0F93EC69-4050-4FF9-A30C-B1B7A882670D}.Release|arm64.ActiveCfg = Release|ARM64
		{0F93EC69-4050-4FF9-A30C-B1B7A882670D}.Release|arm64.Build.0 = Release|ARM64
		{0F93EC69-4050-4FF9-A30C-B1B7A882670D}.Release|arm64.Deploy.0 = Release|ARM64
		{0F93EC69-4050-4FF9-A30C-B1B7A882670D}.Release|x64.ActiveCfg = Release|x64
		{0F93EC69-4050-4FF9-A30C-B1B7A882670D}.Release|x64.Build.0 = Release|x64
		{0F93EC69-4050-4FF9-A30C-B1B7A882670D}.Release|x64.Deploy.0 = Release|x64
		{0F93EC69-4050-4FF9-A30C-B1B7A882670D}.Release|x86.ActiveCfg = Release|x86
		{0F93EC69-4050-4FF9-A30C-B1B7A882670D}.Release|x86.Build.0 = Release|x86
		{0F93EC69-4050-4FF9-A30C-B1B7A882670D}.Release|x86.Deploy.0 = Release|x86
	EndGlobalSection
	GlobalSection(SolutionProperties) = preSolution
		HideSolutionNode = FALSE
	EndGlobalSection
	GlobalSection(ExtensibilityGlobals) = postSolution
		SolutionGuid = {D42FC382-CA82-44D0-9968-D0302375E2E0}
	EndGlobalSection
EndGlobal
